// !$*UTF8*$!
{
	archiveVersion = 1;
	classes = {
	};
	objectVersion = 46;
	objects = {

/* Begin PBXBuildFile section */
		E8EE273B1CD94A0A00AC3B55 /* AppDelegate.swift in Sources */ = {isa = PBXBuildFile; fileRef = E8EE273A1CD94A0A00AC3B55 /* AppDelegate.swift */; };
		E8EE273D1CD94A0A00AC3B55 /* FirstViewController.swift in Sources */ = {isa = PBXBuildFile; fileRef = E8EE273C1CD94A0A00AC3B55 /* FirstViewController.swift */; };
		E8EE273F1CD94A0A00AC3B55 /* SecondViewController.swift in Sources */ = {isa = PBXBuildFile; fileRef = E8EE273E1CD94A0A00AC3B55 /* SecondViewController.swift */; };
		E8EE27421CD94A0A00AC3B55 /* Main.storyboard in Resources */ = {isa = PBXBuildFile; fileRef = E8EE27401CD94A0A00AC3B55 /* Main.storyboard */; };
		E8EE27441CD94A0A00AC3B55 /* Assets.xcassets in Resources */ = {isa = PBXBuildFile; fileRef = E8EE27431CD94A0A00AC3B55 /* Assets.xcassets */; };
		E8EE27471CD94A0A00AC3B55 /* LaunchScreen.storyboard in Resources */ = {isa = PBXBuildFile; fileRef = E8EE27451CD94A0A00AC3B55 /* LaunchScreen.storyboard */; };
/* End PBXBuildFile section */

/* Begin PBXFileReference section */
		E8EE27371CD94A0A00AC3B55 /* CollectionAndDetail.app */ = {isa = PBXFileReference; explicitFileType = wrapper.application; includeInIndex = 0; path = CollectionAndDetail.app; sourceTree = BUILT_PRODUCTS_DIR; };
		E8EE273A1CD94A0A00AC3B55 /* AppDelegate.swift */ = {isa = PBXFileReference; lastKnownFileType = sourcecode.swift; path = AppDelegate.swift; sourceTree = "<group>"; };
		E8EE273C1CD94A0A00AC3B55 /* FirstViewController.swift */ = {isa = PBXFileReference; lastKnownFileType = sourcecode.swift; path = FirstViewController.swift; sourceTree = "<group>"; };
		E8EE273E1CD94A0A00AC3B55 /* SecondViewController.swift */ = {isa = PBXFileReference; lastKnownFileType = sourcecode.swift; path = SecondViewController.swift; sourceTree = "<group>"; };
		E8EE27411CD94A0A00AC3B55 /* Base */ = {isa = PBXFileReference; lastKnownFileType = file.storyboard; name = Base; path = Base.lproj/Main.storyboard; sourceTree = "<group>"; };
		E8EE27431CD94A0A00AC3B55 /* Assets.xcassets */ = {isa = PBXFileReference; lastKnownFileType = folder.assetcatalog; path = Assets.xcassets; sourceTree = "<group>"; };
		E8EE27461CD94A0A00AC3B55 /* Base */ = {isa = PBXFileReference; lastKnownFileType = file.storyboard; name = Base; path = Base.lproj/LaunchScreen.storyboard; sourceTree = "<group>"; };
		E8EE27481CD94A0A00AC3B55 /* Info.plist */ = {isa = PBXFileReference; lastKnownFileType = text.plist.xml; path = Info.plist; sourceTree = "<group>"; };
/* End PBXFileReference section */

/* Begin PBXFrameworksBuildPhase section */
		E8EE27341CD94A0A00AC3B55 /* Frameworks */ = {
			isa = PBXFrameworksBuildPhase;
			buildActionMask = 2147483647;
			files = (
			);
			runOnlyForDeploymentPostprocessing = 0;
		};
/* End PBXFrameworksBuildPhase section */

/* Begin PBXGroup section */
		E8EE272E1CD94A0A00AC3B55 = {
			isa = PBXGroup;
			children = (
				E8EE27391CD94A0A00AC3B55 /* CollectionAndDetail */,
				E8EE27381CD94A0A00AC3B55 /* Products */,
			);
			sourceTree = "<group>";
		};
		E8EE27381CD94A0A00AC3B55 /* Products */ = {
			isa = PBXGroup;
			children = (
				E8EE27371CD94A0A00AC3B55 /* CollectionAndDetail.app */,
			);
			name = Products;
			sourceTree = "<group>";
		};
		E8EE27391CD94A0A00AC3B55 /* CollectionAndDetail */ = {
			isa = PBXGroup;
			children = (
				E8EE273A1CD94A0A00AC3B55 /* AppDelegate.swift */,
				E8EE273C1CD94A0A00AC3B55 /* FirstViewController.swift */,
				E8EE273E1CD94A0A00AC3B55 /* SecondViewController.swift */,
				E8EE27401CD94A0A00AC3B55 /* Main.storyboard */,
				E8EE27431CD94A0A00AC3B55 /* Assets.xcassets */,
				E8EE27451CD94A0A00AC3B55 /* LaunchScreen.storyboard */,
				E8EE27481CD94A0A00AC3B55 /* Info.plist */,
			);
			path = CollectionAndDetail;
			sourceTree = "<group>";
		};
/* End PBXGroup section */

/* Begin PBXNativeTarget section */
		E8EE27361CD94A0A00AC3B55 /* CollectionAndDetail */ = {
			isa = PBXNativeTarget;
			buildConfigurationList = E8EE274B1CD94A0A00AC3B55 /* Build configuration list for PBXNativeTarget "CollectionAndDetail" */;
			buildPhases = (
				E8EE27331CD94A0A00AC3B55 /* Sources */,
				E8EE27341CD94A0A00AC3B55 /* Frameworks */,
				E8EE27351CD94A0A00AC3B55 /* Resources */,
			);
			buildRules = (
			);
			dependencies = (
			);
			name = CollectionAndDetail;
			productName = CollectionAndDetail;
			productReference = E8EE27371CD94A0A00AC3B55 /* CollectionAndDetail.app */;
			productType = "com.apple.product-type.application";
		};
/* End PBXNativeTarget section */

/* Begin PBXProject section */
		E8EE272F1CD94A0A00AC3B55 /* Project object */ = {
			isa = PBXProject;
			attributes = {
				LastSwiftUpdateCheck = 0730;
				LastUpgradeCheck = 0730;
				ORGANIZATIONNAME = "Yury G";
				TargetAttributes = {
					E8EE27361CD94A0A00AC3B55 = {
						CreatedOnToolsVersion = 7.3;
					};
				};
			};
			buildConfigurationList = E8EE27321CD94A0A00AC3B55 /* Build configuration list for PBXProject "CollectionAndDetail" */;
			compatibilityVersion = "Xcode 3.2";
			developmentRegion = English;
			hasScannedForEncodings = 0;
			knownRegions = (
				en,
				Base,
			);
			mainGroup = E8EE272E1CD94A0A00AC3B55;
			productRefGroup = E8EE27381CD94A0A00AC3B55 /* Products */;
			projectDirPath = "";
			projectRoot = "";
			targets = (
				E8EE27361CD94A0A00AC3B55 /* CollectionAndDetail */,
			);
		};
/* End PBXProject section */

/* Begin PBXResourcesBuildPhase section */
		E8EE27351CD94A0A00AC3B55 /* Resources */ = {
			isa = PBXResourcesBuildPhase;
			buildActionMask = 2147483647;
			files = (
				E8EE27471CD94A0A00AC3B55 /* LaunchScreen.storyboard in Resources */,
				E8EE27441CD94A0A00AC3B55 /* Assets.xcassets in Resources */,
				E8EE27421CD94A0A00AC3B55 /* Main.storyboard in Resources */,
			);
			runOnlyForDeploymentPostprocessing = 0;
		};
/* End PBXResourcesBuildPhase section */

/* Begin PBXSourcesBuildPhase section */
		E8EE27331CD94A0A00AC3B55 /* Sources */ = {
			isa = PBXSourcesBuildPhase;
			buildActionMask = 2147483647;
			files = (
				E8EE273F1CD94A0A00AC3B55 /* SecondViewController.swift in Sources */,
				E8EE273B1CD94A0A00AC3B55 /* AppDelegate.swift in Sources */,
				E8EE273D1CD94A0A00AC3B55 /* FirstViewController.swift in Sources */,
			);
			runOnlyForDeploymentPostprocessing = 0;
		};
/* End PBXSourcesBuildPhase section */

/* Begin PBXVariantGroup section */
		E8EE27401CD94A0A00AC3B55 /* Main.storyboard */ = {
			isa = PBXVariantGroup;
			children = (
				E8EE27411CD94A0A00AC3B55 /* Base */,
			);
			name = Main.storyboard;
			sourceTree = "<group>";
		};
		E8EE27451CD94A0A00AC3B55 /* LaunchScreen.storyboard */ = {
			isa = PBXVariantGroup;
			children = (
				E8EE27461CD94A0A00AC3B55 /* Base */,
			);
			name = LaunchScreen.storyboard;
			sourceTree = "<group>";
		};
/* End PBXVariantGroup section */

/* Begin XCBuildConfiguration section */
		E8EE27491CD94A0A00AC3B55 /* Debug */ = {
			isa = XCBuildConfiguration;
			buildSettings = {
				ALWAYS_SEARCH_USER_PATHS = NO;
				CLANG_ANALYZER_NONNULL = YES;
				CLANG_CXX_LANGUAGE_STANDARD = "gnu++0x";
				CLANG_CXX_LIBRARY = "libc++";
				CLANG_ENABLE_MODULES = YES;
				CLANG_ENABLE_OBJC_ARC = YES;
				CLANG_WARN_BOOL_CONVERSION = YES;
				CLANG_WARN_CONSTANT_CONVERSION = YES;
				CLANG_WARN_DIRECT_OBJC_ISA_USAGE = YES_ERROR;
				CLANG_WARN_EMPTY_BODY = YES;
				CLANG_WARN_ENUM_CONVERSION = YES;
				CLANG_WARN_INT_CONVERSION = YES;
				CLANG_WARN_OBJC_ROOT_CLASS = YES_ERROR;
				CLANG_WARN_UNREACHABLE_CODE = YES;
				CLANG_WARN__DUPLICATE_METHOD_MATCH = YES;
				"CODE_SIGN_IDENTITY[sdk=iphoneos*]" = "iPhone Developer";
				COPY_PHASE_STRIP = NO;
				DEBUG_INFORMATION_FORMAT = dwarf;
				ENABLE_STRICT_OBJC_MSGSEND = YES;
				ENABLE_TESTABILITY = YES;
				GCC_C_LANGUAGE_STANDARD = gnu99;
				GCC_DYNAMIC_NO_PIC = NO;
				GCC_NO_COMMON_BLOCKS = YES;
				GCC_OPTIMIZATION_LEVEL = 0;
				GCC_PREPROCESSOR_DEFINITIONS = (
					"DEBUG=1",
					"$(inherited)",
				);
				GCC_WARN_64_TO_32_BIT_CONVERSION = YES;
				GCC_WARN_ABOUT_RETURN_TYPE = YES_ERROR;
				GCC_WARN_UNDECLARED_SELECTOR = YES;
				GCC_WARN_UNINITIALIZED_AUTOS = YES_AGGRESSIVE;
				GCC_WARN_UNUSED_FUNCTION = YES;
				GCC_WARN_UNUSED_VARIABLE = YES;
				IPHONEOS_DEPLOYMENT_TARGET = 9.3;
				MTL_ENABLE_DEBUG_INFO = YES;
				ONLY_ACTIVE_ARCH = YES;
				SDKROOT = iphoneos;
				SWIFT_OPTIMIZATION_LEVEL = "-Onone";
				TARGETED_DEVICE_FAMILY = "1,2";
			};
			name = Debug;
		};
		E8EE274A1CD94A0A00AC3B55 /* Release */ = {
			isa = XCBuildConfiguration;
			buildSettings = {
				ALWAYS_SEARCH_USER_PATHS = NO;
				CLANG_ANALYZER_NONNULL = YES;
				CLANG_CXX_LANGUAGE_STANDARD = "gnu++0x";
				CLANG_CXX_LIBRARY = "libc++";
				CLANG_ENABLE_MODULES = YES;
				CLANG_ENABLE_OBJC_ARC = YES;
				CLANG_WARN_BOOL_CONVERSION = YES;
				CLANG_WARN_CONSTANT_CONVERSION = YES;
				CLANG_WARN_DIRECT_OBJC_ISA_USAGE = YES_ERROR;
				CLANG_WARN_EMPTY_BODY = YES;
				CLANG_WARN_ENUM_CONVERSION = YES;
				CLANG_WARN_INT_CONVERSION = YES;
				CLANG_WARN_OBJC_ROOT_CLASS = YES_ERROR;
				CLANG_WARN_UNREACHABLE_CODE = YES;
				CLANG_WARN__DUPLICATE_METHOD_MATCH = YES;
				"CODE_SIGN_IDENTITY[sdk=iphoneos*]" = "iPhone Developer";
				COPY_PHASE_STRIP = NO;
				DEBUG_INFORMATION_FORMAT = "dwarf-with-dsym";
				ENABLE_NS_ASSERTIONS = NO;
				ENABLE_STRICT_OBJC_MSGSEND = YES;
				GCC_C_LANGUAGE_STANDARD = gnu99;
				GCC_NO_COMMON_BLOCKS = YES;
				GCC_WARN_64_TO_32_BIT_CONVERSION = YES;
				GCC_WARN_ABOUT_RETURN_TYPE = YES_ERROR;
				GCC_WARN_UNDECLARED_SELECTOR = YES;
				GCC_WARN_UNINITIALIZED_AUTOS = YES_AGGRESSIVE;
				GCC_WARN_UNUSED_FUNCTION = YES;
				GCC_WARN_UNUSED_VARIABLE = YES;
				IPHONEOS_DEPLOYMENT_TARGET = 9.3;
				MTL_ENABLE_DEBUG_INFO = NO;
				SDKROOT = iphoneos;
				TARGETED_DEVICE_FAMILY = "1,2";
				VALIDATE_PRODUCT = YES;
			};
			name = Release;
		};
		E8EE274C1CD94A0A00AC3B55 /* Debug */ = {
			isa = XCBuildConfiguration;
			buildSettings = {
				ASSETCATALOG_COMPILER_APPICON_NAME = AppIcon;
				INFOPLIST_FILE = CollectionAndDetail/Info.plist;
				LD_RUNPATH_SEARCH_PATHS = "$(inherited) @executable_path/Frameworks";
				PRODUCT_BUNDLE_IDENTIFIER = yg.CollectionAndDetail;
				PRODUCT_NAME = "$(TARGET_NAME)";
			};
			name = Debug;
		};
		E8EE274D1CD94A0A00AC3B55 /* Release */ = {
			isa = XCBuildConfiguration;
			buildSettings = {
				ASSETCATALOG_COMPILER_APPICON_NAME = AppIcon;
				INFOPLIST_FILE = CollectionAndDetail/Info.plist;
				LD_RUNPATH_SEARCH_PATHS = "$(inherited) @executable_path/Frameworks";
				PRODUCT_BUNDLE_IDENTIFIER = yg.CollectionAndDetail;
				PRODUCT_NAME = "$(TARGET_NAME)";
			};
			name = Release;
		};
/* End XCBuildConfiguration section */

/* Begin XCConfigurationList section */
		E8EE27321CD94A0A00AC3B55 /* Build configuration list for PBXProject "CollectionAndDetail" */ = {
			isa = XCConfigurationList;
			buildConfigurations = (
				E8EE27491CD94A0A00AC3B55 /* Debug */,
				E8EE274A1CD94A0A00AC3B55 /* Release */,
			);
			defaultConfigurationIsVisible = 0;
			defaultConfigurationName = Release;
		};
		E8EE274B1CD94A0A00AC3B55 /* Build configuration list for PBXNativeTarget "CollectionAndDetail" */ = {
			isa = XCConfigurationList;
			buildConfigurations = (
				E8EE274C1CD94A0A00AC3B55 /* Debug */,
				E8EE274D1CD94A0A00AC3B55 /* Release */,
			);
			defaultConfigurationIsVisible = 0;
		};
/* End XCConfigurationList section */
	};
	rootObject = E8EE272F1CD94A0A00AC3B55 /* Project object */;
}
